
Microsoft Visual Studio Solution File, Format Version 12.00
# Visual Studio Version 17
VisualStudioVersion = 17.6.33829.357
MinimumVisualStudioVersion = 10.0.40219.1
Project("{2150E333-8FDC-42A3-9474-1A3956D46DE8}") = "Microservices", "Microservices", "{85953E58-210C-4E85-BD6D-B259FBC6A6A8}"
EndProject
Project("{2150E333-8FDC-42A3-9474-1A3956D46DE8}") = "ApiGateway", "ApiGateway", "{9DE222C2-8251-405B-B30B-99EEFEB07FBB}"
EndProject
Project("{2150E333-8FDC-42A3-9474-1A3956D46DE8}") = "UserManagement", "UserManagement", "{9FAF5037-8E07-4F35-A285-86FE9478B35F}"
EndProject
Project("{9A19103F-16F7-4668-BE54-9A1E7A4F7556}") = "AuthenticationWebApi", "UserManagement\AuthenticationWebApi\AuthenticationWebApi.csproj", "{739D3294-1433-4918-A70A-74481DB8313F}"
EndProject
Project("{9A19103F-16F7-4668-BE54-9A1E7A4F7556}") = "JWTAuthenticationManager", "UserManagement\JWTAuthenticationManager\JWTAuthenticationManager.csproj", "{B2CD5875-B4A7-48F3-AD5D-2A3B89A9A2CA}"
EndProject
Project("{2150E333-8FDC-42A3-9474-1A3956D46DE8}") = "UserInterfaces", "UserInterfaces", "{2154E44A-E585-4AF0-8CA8-D3C6FA04CCE0}"
EndProject
Project("{2150E333-8FDC-42A3-9474-1A3956D46DE8}") = "Models", "Models", "{4FB818FA-9ADB-468E-B7C0-A1C4B598505E}"
EndProject
Project("{2150E333-8FDC-42A3-9474-1A3956D46DE8}") = "SatNET", "SatNET", "{5F8266E9-6A2E-447C-BA57-DF393C8F6C47}"
EndProject
Project("{2150E333-8FDC-42A3-9474-1A3956D46DE8}") = "Dupus", "Dupus", "{37EACB67-ED25-4EC6-B38F-92A4C39893A4}"
EndProject
Project("{2150E333-8FDC-42A3-9474-1A3956D46DE8}") = "MeetUP", "MeetUP", "{2B8CDCD6-B602-4D1F-AA93-F5E49527889E}"
EndProject
Project("{2150E333-8FDC-42A3-9474-1A3956D46DE8}") = "Entities", "Entities", "{DC330104-1964-4586-BB9E-10D4E932C457}"
EndProject
Project("{2150E333-8FDC-42A3-9474-1A3956D46DE8}") = "DataTransferObjects", "DataTransferObjects", "{39B6C7FC-E7BB-4739-AA32-15E2DC04532A}"
EndProject
Project("{E53339B2-1760-4266-BCC7-CA923CBCF16C}") = "docker-compose", "docker-compose.dcproj", "{B6F4E6AF-CB6E-4EDA-8B8F-A87D43F1A70D}"
EndProject
Project("{2150E333-8FDC-42A3-9474-1A3956D46DE8}") = "Config", "Config", "{1C90559F-5844-4F19-8BED-00FCF736B424}"
EndProject
Project("{2150E333-8FDC-42A3-9474-1A3956D46DE8}") = "Services", "Services", "{FA55E454-8516-4EF7-AF19-BBED0E9886EF}"
EndProject
Project("{2150E333-8FDC-42A3-9474-1A3956D46DE8}") = "RabbitMQService", "RabbitMQService", "{D95DC4C6-174B-4AF1-B93E-B28434B9D03C}"
EndProject
Project("{2150E333-8FDC-42A3-9474-1A3956D46DE8}") = "HangfireService", "HangfireService", "{3B989E3A-7CDF-4F5D-A540-83766DB57FBF}"
EndProject
Project("{2150E333-8FDC-42A3-9474-1A3956D46DE8}") = "SignalRService", "SignalRService", "{EE1D06F1-230E-424F-83DC-CA83112A9765}"
EndProject
Project("{9A19103F-16F7-4668-BE54-9A1E7A4F7556}") = "MeetUP", "UserInterfaces\MeetUP\MeetUP.csproj", "{F03E790E-8B08-4AD2-800A-27F7736FF348}"
EndProject
Project("{2150E333-8FDC-42A3-9474-1A3956D46DE8}") = "Dupus.Service", "Dupus.Service", "{51C79A9A-166A-4F6E-8543-A0F3E7970B6D}"
EndProject
Project("{9A19103F-16F7-4668-BE54-9A1E7A4F7556}") = "Dupus.Entity", "Models\Entities\Dupus.Entity\Dupus.Entity.csproj", "{89144E2B-6672-42EB-A30D-6E163A9B15F9}"
EndProject
Project("{2150E333-8FDC-42A3-9474-1A3956D46DE8}") = "ProjectRepositories", "ProjectRepositories", "{CE7C806C-97DC-4CF2-87FF-16827133AE48}"
EndProject
Project("{9A19103F-16F7-4668-BE54-9A1E7A4F7556}") = "Dupus.Repository", "ProjectRepositories\Dupus.Repository\Dupus.Repository.csproj", "{FD0E10AD-65EA-4DBA-882E-005B275B6198}"
EndProject
Project("{2150E333-8FDC-42A3-9474-1A3956D46DE8}") = "ProjectServices", "ProjectServices", "{79B04FA3-5703-4FB3-AEEE-1F629634F70C}"
EndProject
Project("{9A19103F-16F7-4668-BE54-9A1E7A4F7556}") = "Dupus.Service", "ProjectServices\Dupus.Service\Dupus.Service\Dupus.Service.csproj", "{C8938C71-E3B1-421B-AFCB-3BFAC9A3C284}"
EndProject
Project("{2150E333-8FDC-42A3-9474-1A3956D46DE8}") = "ApiProjects", "ApiProjects", "{102B5D12-DC0E-4DEB-A9C9-61B04EEFF834}"
EndProject
Project("{FAE04EC0-301F-11D3-BF4B-00C04F79EFBC}") = "Dupus.API", "ApiProjects\Dupus.API\Dupus.API.csproj", "{D4FBE599-A362-42E4-ACA5-AEF3200F416F}"
EndProject
Project("{FAE04EC0-301F-11D3-BF4B-00C04F79EFBC}") = "Blazor.Server.App", "UserInterfaces\Dupus\Blazor.Server.App\Blazor.Server.App.csproj", "{3C7EFB48-8F88-41AD-9E68-5C6C6FE221FE}"
EndProject
Project("{FAE04EC0-301F-11D3-BF4B-00C04F79EFBC}") = "Blazor.WebAssembly.App", "UserInterfaces\Dupus\Blazor.WebAssembly.App\Blazor.WebAssembly.App.csproj", "{0AC15477-714D-4F88-BD26-F999F0B9A2BE}"
EndProject
Global
	GlobalSection(SolutionConfigurationPlatforms) = preSolution
		Debug|Any CPU = Debug|Any CPU
		Release|Any CPU = Release|Any CPU
	EndGlobalSection
	GlobalSection(ProjectConfigurationPlatforms) = postSolution
		{739D3294-1433-4918-A70A-74481DB8313F}.Debug|Any CPU.ActiveCfg = Debug|Any CPU
		{739D3294-1433-4918-A70A-74481DB8313F}.Debug|Any CPU.Build.0 = Debug|Any CPU
		{739D3294-1433-4918-A70A-74481DB8313F}.Release|Any CPU.ActiveCfg = Release|Any CPU
		{739D3294-1433-4918-A70A-74481DB8313F}.Release|Any CPU.Build.0 = Release|Any CPU
		{B2CD5875-B4A7-48F3-AD5D-2A3B89A9A2CA}.Debug|Any CPU.ActiveCfg = Debug|Any CPU
		{B2CD5875-B4A7-48F3-AD5D-2A3B89A9A2CA}.Debug|Any CPU.Build.0 = Debug|Any CPU
		{B2CD5875-B4A7-48F3-AD5D-2A3B89A9A2CA}.Release|Any CPU.ActiveCfg = Release|Any CPU
		{B2CD5875-B4A7-48F3-AD5D-2A3B89A9A2CA}.Release|Any CPU.Build.0 = Release|Any CPU
		{B6F4E6AF-CB6E-4EDA-8B8F-A87D43F1A70D}.Debug|Any CPU.ActiveCfg = Debug|Any CPU
		{B6F4E6AF-CB6E-4EDA-8B8F-A87D43F1A70D}.Debug|Any CPU.Build.0 = Debug|Any CPU
		{B6F4E6AF-CB6E-4EDA-8B8F-A87D43F1A70D}.Release|Any CPU.ActiveCfg = Release|Any CPU
		{B6F4E6AF-CB6E-4EDA-8B8F-A87D43F1A70D}.Release|Any CPU.Build.0 = Release|Any CPU
		{F03E790E-8B08-4AD2-800A-27F7736FF348}.Debug|Any CPU.ActiveCfg = Debug|Any CPU
		{F03E790E-8B08-4AD2-800A-27F7736FF348}.Debug|Any CPU.Build.0 = Debug|Any CPU
		{F03E790E-8B08-4AD2-800A-27F7736FF348}.Release|Any CPU.ActiveCfg = Release|Any CPU
		{F03E790E-8B08-4AD2-800A-27F7736FF348}.Release|Any CPU.Build.0 = Release|Any CPU
		{89144E2B-6672-42EB-A30D-6E163A9B15F9}.Debug|Any CPU.ActiveCfg = Debug|Any CPU
		{89144E2B-6672-42EB-A30D-6E163A9B15F9}.Debug|Any CPU.Build.0 = Debug|Any CPU
		{89144E2B-6672-42EB-A30D-6E163A9B15F9}.Release|Any CPU.ActiveCfg = Release|Any CPU
		{89144E2B-6672-42EB-A30D-6E163A9B15F9}.Release|Any CPU.Build.0 = Release|Any CPU
		{FD0E10AD-65EA-4DBA-882E-005B275B6198}.Debug|Any CPU.ActiveCfg = Debug|Any CPU
		{FD0E10AD-65EA-4DBA-882E-005B275B6198}.Debug|Any CPU.Build.0 = Debug|Any CPU
		{FD0E10AD-65EA-4DBA-882E-005B275B6198}.Release|Any CPU.ActiveCfg = Release|Any CPU
		{FD0E10AD-65EA-4DBA-882E-005B275B6198}.Release|Any CPU.Build.0 = Release|Any CPU
		{C8938C71-E3B1-421B-AFCB-3BFAC9A3C284}.Debug|Any CPU.ActiveCfg = Debug|Any CPU
		{C8938C71-E3B1-421B-AFCB-3BFAC9A3C284}.Debug|Any CPU.Build.0 = Debug|Any CPU
		{C8938C71-E3B1-421B-AFCB-3BFAC9A3C284}.Release|Any CPU.ActiveCfg = Release|Any CPU
		{C8938C71-E3B1-421B-AFCB-3BFAC9A3C284}.Release|Any CPU.Build.0 = Release|Any CPU
		{D4FBE599-A362-42E4-ACA5-AEF3200F416F}.Debug|Any CPU.ActiveCfg = Debug|Any CPU
		{D4FBE599-A362-42E4-ACA5-AEF3200F416F}.Debug|Any CPU.Build.0 = Debug|Any CPU
		{D4FBE599-A362-42E4-ACA5-AEF3200F416F}.Release|Any CPU.ActiveCfg = Release|Any CPU
		{D4FBE599-A362-42E4-ACA5-AEF3200F416F}.Release|Any CPU.Build.0 = Release|Any CPU
		{3C7EFB48-8F88-41AD-9E68-5C6C6FE221FE}.Debug|Any CPU.ActiveCfg = Debug|Any CPU
		{3C7EFB48-8F88-41AD-9E68-5C6C6FE221FE}.Debug|Any CPU.Build.0 = Debug|Any CPU
		{3C7EFB48-8F88-41AD-9E68-5C6C6FE221FE}.Release|Any CPU.ActiveCfg = Release|Any CPU
		{3C7EFB48-8F88-41AD-9E68-5C6C6FE221FE}.Release|Any CPU.Build.0 = Release|Any CPU
		{0AC15477-714D-4F88-BD26-F999F0B9A2BE}.Debug|Any CPU.ActiveCfg = Debug|Any CPU
		{0AC15477-714D-4F88-BD26-F999F0B9A2BE}.Debug|Any CPU.Build.0 = Debug|Any CPU
		{0AC15477-714D-4F88-BD26-F999F0B9A2BE}.Release|Any CPU.ActiveCfg = Release|Any CPU
		{0AC15477-714D-4F88-BD26-F999F0B9A2BE}.Release|Any CPU.Build.0 = Release|Any CPU
	EndGlobalSection
	GlobalSection(SolutionProperties) = preSolution
		HideSolutionNode = FALSE
	EndGlobalSection
	GlobalSection(NestedProjects) = preSolution
		{739D3294-1433-4918-A70A-74481DB8313F} = {9FAF5037-8E07-4F35-A285-86FE9478B35F}
		{B2CD5875-B4A7-48F3-AD5D-2A3B89A9A2CA} = {9FAF5037-8E07-4F35-A285-86FE9478B35F}
		{5F8266E9-6A2E-447C-BA57-DF393C8F6C47} = {2154E44A-E585-4AF0-8CA8-D3C6FA04CCE0}
		{37EACB67-ED25-4EC6-B38F-92A4C39893A4} = {2154E44A-E585-4AF0-8CA8-D3C6FA04CCE0}
		{2B8CDCD6-B602-4D1F-AA93-F5E49527889E} = {2154E44A-E585-4AF0-8CA8-D3C6FA04CCE0}
		{DC330104-1964-4586-BB9E-10D4E932C457} = {4FB818FA-9ADB-468E-B7C0-A1C4B598505E}
		{39B6C7FC-E7BB-4739-AA32-15E2DC04532A} = {4FB818FA-9ADB-468E-B7C0-A1C4B598505E}
		{1C90559F-5844-4F19-8BED-00FCF736B424} = {4FB818FA-9ADB-468E-B7C0-A1C4B598505E}
		{D95DC4C6-174B-4AF1-B93E-B28434B9D03C} = {FA55E454-8516-4EF7-AF19-BBED0E9886EF}
		{3B989E3A-7CDF-4F5D-A540-83766DB57FBF} = {FA55E454-8516-4EF7-AF19-BBED0E9886EF}
		{EE1D06F1-230E-424F-83DC-CA83112A9765} = {FA55E454-8516-4EF7-AF19-BBED0E9886EF}
		{F03E790E-8B08-4AD2-800A-27F7736FF348} = {2B8CDCD6-B602-4D1F-AA93-F5E49527889E}
		{51C79A9A-166A-4F6E-8543-A0F3E7970B6D} = {79B04FA3-5703-4FB3-AEEE-1F629634F70C}
		{89144E2B-6672-42EB-A30D-6E163A9B15F9} = {DC330104-1964-4586-BB9E-10D4E932C457}
		{FD0E10AD-65EA-4DBA-882E-005B275B6198} = {CE7C806C-97DC-4CF2-87FF-16827133AE48}
		{C8938C71-E3B1-421B-AFCB-3BFAC9A3C284} = {51C79A9A-166A-4F6E-8543-A0F3E7970B6D}
		{D4FBE599-A362-42E4-ACA5-AEF3200F416F} = {102B5D12-DC0E-4DEB-A9C9-61B04EEFF834}
		{3C7EFB48-8F88-41AD-9E68-5C6C6FE221FE} = {37EACB67-ED25-4EC6-B38F-92A4C39893A4}
		{0AC15477-714D-4F88-BD26-F999F0B9A2BE} = {37EACB67-ED25-4EC6-B38F-92A4C39893A4}
	EndGlobalSection
	GlobalSection(ExtensibilityGlobals) = postSolution
		SolutionGuid = {F2D62D6A-8566-4439-813F-25A1F19B41A7}
	EndGlobalSection
EndGlobal
